
Microsoft Visual Studio Solution File, Format Version 12.00
# Visual Studio Version 16
VisualStudioVersion = 16.0.30711.63
MinimumVisualStudioVersion = 10.0.40219.1
Project("{FAE04EC0-301F-11D3-BF4B-00C04F79EFBC}") = "Estudos", "Estudos.csproj", "{842654CC-8FDE-4D2C-B9D9-ACA7D440B1AF}"
EndProject
Project("{FAE04EC0-301F-11D3-BF4B-00C04F79EFBC}") = "EstudosII", "..\EstudosII\EstudosII.csproj", "{C34D2CA5-FBB8-4B67-9CE7-C511EA6781BC}"
EndProject
Global
	GlobalSection(SolutionConfigurationPlatforms) = preSolution
		Debug|Any CPU = Debug|Any CPU
		Release|Any CPU = Release|Any CPU
	EndGlobalSection
	GlobalSection(ProjectConfigurationPlatforms) = postSolution
		{842654CC-8FDE-4D2C-B9D9-ACA7D440B1AF}.Debug|Any CPU.ActiveCfg = Debug|Any CPU
		{842654CC-8FDE-4D2C-B9D9-ACA7D440B1AF}.Debug|Any CPU.Build.0 = Debug|Any CPU
		{842654CC-8FDE-4D2C-B9D9-ACA7D440B1AF}.Release|Any CPU.ActiveCfg = Release|Any CPU
		{842654CC-8FDE-4D2C-B9D9-ACA7D440B1AF}.Release|Any CPU.Build.0 = Release|Any CPU
		{C34D2CA5-FBB8-4B67-9CE7-C511EA6781BC}.Debug|Any CPU.ActiveCfg = Debug|Any CPU
		{C34D2CA5-FBB8-4B67-9CE7-C511EA6781BC}.Debug|Any CPU.Build.0 = Debug|Any CPU
		{C34D2CA5-FBB8-4B67-9CE7-C511EA6781BC}.Release|Any CPU.ActiveCfg = Release|Any CPU
		{C34D2CA5-FBB8-4B67-9CE7-C511EA6781BC}.Release|Any CPU.Build.0 = Release|Any CPU
	EndGlobalSection
	GlobalSection(SolutionProperties) = preSolution
		HideSolutionNode = FALSE
	EndGlobalSection
	GlobalSection(ExtensibilityGlobals) = postSolution
		SolutionGuid = {E23FFFE4-D1F1-4320-9AC1-C8CADBF7FAAD}
	EndGlobalSection
EndGlobal
